// !$*UTF8*$!
{
	archiveVersion = 1;
	classes = {
	};
	objectVersion = 50;
	objects = {

/* Begin PBXBuildFile section */
		1A184B41231DAB9000B0033B /* RxRelay.framework in Frameworks */ = {isa = PBXBuildFile; fileRef = 1A184B39231DAB9000B0033B /* RxRelay.framework */; };
		1A184B42231DAB9000B0033B /* RxRelay.framework in Embed Frameworks */ = {isa = PBXBuildFile; fileRef = 1A184B39231DAB9000B0033B /* RxRelay.framework */; settings = {ATTRIBUTES = (CodeSignOnCopy, RemoveHeadersOnCopy, ); }; };
		1A184B43231DAB9000B0033B /* Spin_Combine.framework in Frameworks */ = {isa = PBXBuildFile; fileRef = 1A184B3A231DAB9000B0033B /* Spin_Combine.framework */; };
		1A184B44231DAB9000B0033B /* Spin_Combine.framework in Embed Frameworks */ = {isa = PBXBuildFile; fileRef = 1A184B3A231DAB9000B0033B /* Spin_Combine.framework */; settings = {ATTRIBUTES = (CodeSignOnCopy, RemoveHeadersOnCopy, ); }; };
		1A184B45231DAB9000B0033B /* Spin_RxSwift.framework in Frameworks */ = {isa = PBXBuildFile; fileRef = 1A184B3B231DAB9000B0033B /* Spin_RxSwift.framework */; };
		1A184B46231DAB9000B0033B /* Spin_RxSwift.framework in Embed Frameworks */ = {isa = PBXBuildFile; fileRef = 1A184B3B231DAB9000B0033B /* Spin_RxSwift.framework */; settings = {ATTRIBUTES = (CodeSignOnCopy, RemoveHeadersOnCopy, ); }; };
		1A184B47231DAB9000B0033B /* RxCocoa.framework in Frameworks */ = {isa = PBXBuildFile; fileRef = 1A184B3C231DAB9000B0033B /* RxCocoa.framework */; };
		1A184B48231DAB9000B0033B /* RxCocoa.framework in Embed Frameworks */ = {isa = PBXBuildFile; fileRef = 1A184B3C231DAB9000B0033B /* RxCocoa.framework */; settings = {ATTRIBUTES = (CodeSignOnCopy, RemoveHeadersOnCopy, ); }; };
		1A184B49231DAB9000B0033B /* RxSwift.framework in Frameworks */ = {isa = PBXBuildFile; fileRef = 1A184B3D231DAB9000B0033B /* RxSwift.framework */; };
		1A184B4A231DAB9000B0033B /* RxSwift.framework in Embed Frameworks */ = {isa = PBXBuildFile; fileRef = 1A184B3D231DAB9000B0033B /* RxSwift.framework */; settings = {ATTRIBUTES = (CodeSignOnCopy, RemoveHeadersOnCopy, ); }; };
		1A184B4B231DAB9000B0033B /* Spin_ReactiveSwift.framework in Frameworks */ = {isa = PBXBuildFile; fileRef = 1A184B3E231DAB9000B0033B /* Spin_ReactiveSwift.framework */; };
		1A184B4C231DAB9000B0033B /* Spin_ReactiveSwift.framework in Embed Frameworks */ = {isa = PBXBuildFile; fileRef = 1A184B3E231DAB9000B0033B /* Spin_ReactiveSwift.framework */; settings = {ATTRIBUTES = (CodeSignOnCopy, RemoveHeadersOnCopy, ); }; };
		1A184B4D231DAB9000B0033B /* Spin.framework in Frameworks */ = {isa = PBXBuildFile; fileRef = 1A184B3F231DAB9000B0033B /* Spin.framework */; };
		1A184B4E231DAB9000B0033B /* Spin.framework in Embed Frameworks */ = {isa = PBXBuildFile; fileRef = 1A184B3F231DAB9000B0033B /* Spin.framework */; settings = {ATTRIBUTES = (CodeSignOnCopy, RemoveHeadersOnCopy, ); }; };
		1A184B4F231DAB9000B0033B /* ReactiveSwift.framework in Frameworks */ = {isa = PBXBuildFile; fileRef = 1A184B40231DAB9000B0033B /* ReactiveSwift.framework */; };
		1A184B50231DAB9000B0033B /* ReactiveSwift.framework in Embed Frameworks */ = {isa = PBXBuildFile; fileRef = 1A184B40231DAB9000B0033B /* ReactiveSwift.framework */; settings = {ATTRIBUTES = (CodeSignOnCopy, RemoveHeadersOnCopy, ); }; };
		1A184B54231DADDC00B0033B /* People.swift in Sources */ = {isa = PBXBuildFile; fileRef = 1A184B53231DADDC00B0033B /* People.swift */; };
		1A184B56231DB75000B0033B /* Film.swift in Sources */ = {isa = PBXBuildFile; fileRef = 1A184B55231DB75000B0033B /* Film.swift */; };
		1A184B58231DB85700B0033B /* Starship.swift in Sources */ = {isa = PBXBuildFile; fileRef = 1A184B57231DB85700B0033B /* Starship.swift */; };
		1A184B5A231DB9B200B0033B /* Vehicle.swift in Sources */ = {isa = PBXBuildFile; fileRef = 1A184B59231DB9B200B0033B /* Vehicle.swift */; };
		1A184B5C231DBAE900B0033B /* Specie.swift in Sources */ = {isa = PBXBuildFile; fileRef = 1A184B5B231DBAE900B0033B /* Specie.swift */; };
		1A184B5E231DBBBE00B0033B /* Planet.swift in Sources */ = {isa = PBXBuildFile; fileRef = 1A184B5D231DBBBE00B0033B /* Planet.swift */; };
		1A184B62231DBE9400B0033B /* NetworkService.swift in Sources */ = {isa = PBXBuildFile; fileRef = 1A184B61231DBE9400B0033B /* NetworkService.swift */; };
		1A184B68231DBED800B0033B /* Policy.swift in Sources */ = {isa = PBXBuildFile; fileRef = 1A184B64231DBED700B0033B /* Policy.swift */; };
		1A184B69231DBED800B0033B /* Path.swift in Sources */ = {isa = PBXBuildFile; fileRef = 1A184B65231DBED700B0033B /* Path.swift */; };
		1A184B6A231DBED800B0033B /* Route.swift in Sources */ = {isa = PBXBuildFile; fileRef = 1A184B66231DBED700B0033B /* Route.swift */; };
		1A184B6B231DBED800B0033B /* Endpoint.swift in Sources */ = {isa = PBXBuildFile; fileRef = 1A184B67231DBED800B0033B /* Endpoint.swift */; };
		1A184B71231DC10900B0033B /* AlamofireNetworkService.swift in Sources */ = {isa = PBXBuildFile; fileRef = 1A184B70231DC10900B0033B /* AlamofireNetworkService.swift */; };
		1A184B73231DC1D100B0033B /* Alamofire.framework in Frameworks */ = {isa = PBXBuildFile; fileRef = 1A184B72231DC1D100B0033B /* Alamofire.framework */; };
		1A184B74231DC1D100B0033B /* Alamofire.framework in Embed Frameworks */ = {isa = PBXBuildFile; fileRef = 1A184B72231DC1D100B0033B /* Alamofire.framework */; settings = {ATTRIBUTES = (CodeSignOnCopy, RemoveHeadersOnCopy, ); }; };
		1A184B76231DC2A200B0033B /* Route+URLRequestConvertible.swift in Sources */ = {isa = PBXBuildFile; fileRef = 1A184B75231DC2A200B0033B /* Route+URLRequestConvertible.swift */; };
		1A184B78231DC2B700B0033B /* Encodable+Dictionary.swift in Sources */ = {isa = PBXBuildFile; fileRef = 1A184B77231DC2B700B0033B /* Encodable+Dictionary.swift */; };
		1A184B7D231DC3AE00B0033B /* AppPaths.swift in Sources */ = {isa = PBXBuildFile; fileRef = 1A184B7A231DC3AE00B0033B /* AppPaths.swift */; };
		1A184B7E231DC3AE00B0033B /* AppPolicies.swift in Sources */ = {isa = PBXBuildFile; fileRef = 1A184B7B231DC3AE00B0033B /* AppPolicies.swift */; };
		1A184B7F231DC3AE00B0033B /* AppEndpoints.swift in Sources */ = {isa = PBXBuildFile; fileRef = 1A184B7C231DC3AE00B0033B /* AppEndpoints.swift */; };
		1A184B83231DCBD200B0033B /* ListResponse.swift in Sources */ = {isa = PBXBuildFile; fileRef = 1A184B82231DCBD200B0033B /* ListResponse.swift */; };
		1A184B86231DD27E00B0033B /* Peoples.swift in Sources */ = {isa = PBXBuildFile; fileRef = 1A184B85231DD27E00B0033B /* Peoples.swift */; };
		1AA14F9F231C90CA00B3854F /* AppDelegate.swift in Sources */ = {isa = PBXBuildFile; fileRef = 1AA14F9E231C90CA00B3854F /* AppDelegate.swift */; };
		1AA14FA1231C90CA00B3854F /* SceneDelegate.swift in Sources */ = {isa = PBXBuildFile; fileRef = 1AA14FA0231C90CA00B3854F /* SceneDelegate.swift */; };
		1AA14FA3231C90CA00B3854F /* ViewController.swift in Sources */ = {isa = PBXBuildFile; fileRef = 1AA14FA2231C90CA00B3854F /* ViewController.swift */; };
		1AA14FA6231C90CA00B3854F /* Main.storyboard in Resources */ = {isa = PBXBuildFile; fileRef = 1AA14FA4231C90CA00B3854F /* Main.storyboard */; };
		1AA14FA8231C90CB00B3854F /* Assets.xcassets in Resources */ = {isa = PBXBuildFile; fileRef = 1AA14FA7231C90CB00B3854F /* Assets.xcassets */; };
		1AA14FAB231C90CC00B3854F /* LaunchScreen.storyboard in Resources */ = {isa = PBXBuildFile; fileRef = 1AA14FA9231C90CC00B3854F /* LaunchScreen.storyboard */; };
		1AEF2CDA231DD78A0061A132 /* Films.swift in Sources */ = {isa = PBXBuildFile; fileRef = 1AEF2CD9231DD78A0061A132 /* Films.swift */; };
		1AEF2CDC231DD7E10061A132 /* Starships.swift in Sources */ = {isa = PBXBuildFile; fileRef = 1AEF2CDB231DD7E10061A132 /* Starships.swift */; };
		1AEF2CDE231DD8680061A132 /* Vehicles.swift in Sources */ = {isa = PBXBuildFile; fileRef = 1AEF2CDD231DD8680061A132 /* Vehicles.swift */; };
		1AEF2CE0231DD8B00061A132 /* Planets.swift in Sources */ = {isa = PBXBuildFile; fileRef = 1AEF2CDF231DD8B00061A132 /* Planets.swift */; };
		1AEF2CE2231DD8EA0061A132 /* Species.swift in Sources */ = {isa = PBXBuildFile; fileRef = 1AEF2CE1231DD8EA0061A132 /* Species.swift */; };
/* End PBXBuildFile section */

/* Begin PBXCopyFilesBuildPhase section */
		1A184B51231DAB9100B0033B /* Embed Frameworks */ = {
			isa = PBXCopyFilesBuildPhase;
			buildActionMask = 2147483647;
			dstPath = "";
			dstSubfolderSpec = 10;
			files = (
				1A184B74231DC1D100B0033B /* Alamofire.framework in Embed Frameworks */,
				1A184B50231DAB9000B0033B /* ReactiveSwift.framework in Embed Frameworks */,
				1A184B48231DAB9000B0033B /* RxCocoa.framework in Embed Frameworks */,
				1A184B42231DAB9000B0033B /* RxRelay.framework in Embed Frameworks */,
				1A184B4A231DAB9000B0033B /* RxSwift.framework in Embed Frameworks */,
				1A184B4E231DAB9000B0033B /* Spin.framework in Embed Frameworks */,
				1A184B44231DAB9000B0033B /* Spin_Combine.framework in Embed Frameworks */,
				1A184B4C231DAB9000B0033B /* Spin_ReactiveSwift.framework in Embed Frameworks */,
				1A184B46231DAB9000B0033B /* Spin_RxSwift.framework in Embed Frameworks */,
			);
			name = "Embed Frameworks";
			runOnlyForDeploymentPostprocessing = 0;
		};
/* End PBXCopyFilesBuildPhase section */

/* Begin PBXFileReference section */
		1A184B39231DAB9000B0033B /* RxRelay.framework */ = {isa = PBXFileReference; lastKnownFileType = wrapper.framework; name = RxRelay.framework; path = Carthage/Build/iOS/RxRelay.framework; sourceTree = "<group>"; };
		1A184B3A231DAB9000B0033B /* Spin_Combine.framework */ = {isa = PBXFileReference; lastKnownFileType = wrapper.framework; name = Spin_Combine.framework; path = Carthage/Build/iOS/Spin_Combine.framework; sourceTree = "<group>"; };
		1A184B3B231DAB9000B0033B /* Spin_RxSwift.framework */ = {isa = PBXFileReference; lastKnownFileType = wrapper.framework; name = Spin_RxSwift.framework; path = Carthage/Build/iOS/Spin_RxSwift.framework; sourceTree = "<group>"; };
		1A184B3C231DAB9000B0033B /* RxCocoa.framework */ = {isa = PBXFileReference; lastKnownFileType = wrapper.framework; name = RxCocoa.framework; path = Carthage/Build/iOS/RxCocoa.framework; sourceTree = "<group>"; };
		1A184B3D231DAB9000B0033B /* RxSwift.framework */ = {isa = PBXFileReference; lastKnownFileType = wrapper.framework; name = RxSwift.framework; path = Carthage/Build/iOS/RxSwift.framework; sourceTree = "<group>"; };
		1A184B3E231DAB9000B0033B /* Spin_ReactiveSwift.framework */ = {isa = PBXFileReference; lastKnownFileType = wrapper.framework; name = Spin_ReactiveSwift.framework; path = Carthage/Build/iOS/Spin_ReactiveSwift.framework; sourceTree = "<group>"; };
		1A184B3F231DAB9000B0033B /* Spin.framework */ = {isa = PBXFileReference; lastKnownFileType = wrapper.framework; name = Spin.framework; path = Carthage/Build/iOS/Spin.framework; sourceTree = "<group>"; };
		1A184B40231DAB9000B0033B /* ReactiveSwift.framework */ = {isa = PBXFileReference; lastKnownFileType = wrapper.framework; name = ReactiveSwift.framework; path = Carthage/Build/iOS/ReactiveSwift.framework; sourceTree = "<group>"; };
		1A184B53231DADDC00B0033B /* People.swift */ = {isa = PBXFileReference; lastKnownFileType = sourcecode.swift; path = People.swift; sourceTree = "<group>"; };
		1A184B55231DB75000B0033B /* Film.swift */ = {isa = PBXFileReference; lastKnownFileType = sourcecode.swift; path = Film.swift; sourceTree = "<group>"; };
		1A184B57231DB85700B0033B /* Starship.swift */ = {isa = PBXFileReference; lastKnownFileType = sourcecode.swift; path = Starship.swift; sourceTree = "<group>"; };
		1A184B59231DB9B200B0033B /* Vehicle.swift */ = {isa = PBXFileReference; lastKnownFileType = sourcecode.swift; path = Vehicle.swift; sourceTree = "<group>"; };
		1A184B5B231DBAE900B0033B /* Specie.swift */ = {isa = PBXFileReference; lastKnownFileType = sourcecode.swift; path = Specie.swift; sourceTree = "<group>"; };
		1A184B5D231DBBBE00B0033B /* Planet.swift */ = {isa = PBXFileReference; lastKnownFileType = sourcecode.swift; path = Planet.swift; sourceTree = "<group>"; };
		1A184B61231DBE9400B0033B /* NetworkService.swift */ = {isa = PBXFileReference; fileEncoding = 4; lastKnownFileType = sourcecode.swift; path = NetworkService.swift; sourceTree = "<group>"; };
		1A184B64231DBED700B0033B /* Policy.swift */ = {isa = PBXFileReference; fileEncoding = 4; lastKnownFileType = sourcecode.swift; path = Policy.swift; sourceTree = "<group>"; };
		1A184B65231DBED700B0033B /* Path.swift */ = {isa = PBXFileReference; fileEncoding = 4; lastKnownFileType = sourcecode.swift; path = Path.swift; sourceTree = "<group>"; };
		1A184B66231DBED700B0033B /* Route.swift */ = {isa = PBXFileReference; fileEncoding = 4; lastKnownFileType = sourcecode.swift; path = Route.swift; sourceTree = "<group>"; };
		1A184B67231DBED800B0033B /* Endpoint.swift */ = {isa = PBXFileReference; fileEncoding = 4; lastKnownFileType = sourcecode.swift; path = Endpoint.swift; sourceTree = "<group>"; };
		1A184B70231DC10900B0033B /* AlamofireNetworkService.swift */ = {isa = PBXFileReference; fileEncoding = 4; lastKnownFileType = sourcecode.swift; path = AlamofireNetworkService.swift; sourceTree = "<group>"; };
		1A184B72231DC1D100B0033B /* Alamofire.framework */ = {isa = PBXFileReference; lastKnownFileType = wrapper.framework; name = Alamofire.framework; path = Carthage/Build/iOS/Alamofire.framework; sourceTree = "<group>"; };
		1A184B75231DC2A200B0033B /* Route+URLRequestConvertible.swift */ = {isa = PBXFileReference; fileEncoding = 4; lastKnownFileType = sourcecode.swift; path = "Route+URLRequestConvertible.swift"; sourceTree = "<group>"; };
		1A184B77231DC2B700B0033B /* Encodable+Dictionary.swift */ = {isa = PBXFileReference; fileEncoding = 4; lastKnownFileType = sourcecode.swift; path = "Encodable+Dictionary.swift"; sourceTree = "<group>"; };
		1A184B7A231DC3AE00B0033B /* AppPaths.swift */ = {isa = PBXFileReference; fileEncoding = 4; lastKnownFileType = sourcecode.swift; path = AppPaths.swift; sourceTree = "<group>"; };
		1A184B7B231DC3AE00B0033B /* AppPolicies.swift */ = {isa = PBXFileReference; fileEncoding = 4; lastKnownFileType = sourcecode.swift; path = AppPolicies.swift; sourceTree = "<group>"; };
		1A184B7C231DC3AE00B0033B /* AppEndpoints.swift */ = {isa = PBXFileReference; fileEncoding = 4; lastKnownFileType = sourcecode.swift; path = AppEndpoints.swift; sourceTree = "<group>"; };
		1A184B82231DCBD200B0033B /* ListResponse.swift */ = {isa = PBXFileReference; lastKnownFileType = sourcecode.swift; path = ListResponse.swift; sourceTree = "<group>"; };
		1A184B85231DD27E00B0033B /* Peoples.swift */ = {isa = PBXFileReference; lastKnownFileType = sourcecode.swift; path = Peoples.swift; sourceTree = "<group>"; };
		1AA14F9B231C90CA00B3854F /* Spin.iOS.Sample.app */ = {isa = PBXFileReference; explicitFileType = wrapper.application; includeInIndex = 0; path = Spin.iOS.Sample.app; sourceTree = BUILT_PRODUCTS_DIR; };
		1AA14F9E231C90CA00B3854F /* AppDelegate.swift */ = {isa = PBXFileReference; lastKnownFileType = sourcecode.swift; path = AppDelegate.swift; sourceTree = "<group>"; };
		1AA14FA0231C90CA00B3854F /* SceneDelegate.swift */ = {isa = PBXFileReference; lastKnownFileType = sourcecode.swift; path = SceneDelegate.swift; sourceTree = "<group>"; };
		1AA14FA2231C90CA00B3854F /* ViewController.swift */ = {isa = PBXFileReference; lastKnownFileType = sourcecode.swift; path = ViewController.swift; sourceTree = "<group>"; };
		1AA14FA5231C90CA00B3854F /* Base */ = {isa = PBXFileReference; lastKnownFileType = file.storyboard; name = Base; path = Base.lproj/Main.storyboard; sourceTree = "<group>"; };
		1AA14FA7231C90CB00B3854F /* Assets.xcassets */ = {isa = PBXFileReference; lastKnownFileType = folder.assetcatalog; path = Assets.xcassets; sourceTree = "<group>"; };
		1AA14FAA231C90CC00B3854F /* Base */ = {isa = PBXFileReference; lastKnownFileType = file.storyboard; name = Base; path = Base.lproj/LaunchScreen.storyboard; sourceTree = "<group>"; };
		1AA14FAC231C90CC00B3854F /* Info.plist */ = {isa = PBXFileReference; lastKnownFileType = text.plist.xml; path = Info.plist; sourceTree = "<group>"; };
		1AEF2CD9231DD78A0061A132 /* Films.swift */ = {isa = PBXFileReference; lastKnownFileType = sourcecode.swift; path = Films.swift; sourceTree = "<group>"; };
		1AEF2CDB231DD7E10061A132 /* Starships.swift */ = {isa = PBXFileReference; lastKnownFileType = sourcecode.swift; path = Starships.swift; sourceTree = "<group>"; };
		1AEF2CDD231DD8680061A132 /* Vehicles.swift */ = {isa = PBXFileReference; lastKnownFileType = sourcecode.swift; path = Vehicles.swift; sourceTree = "<group>"; };
		1AEF2CDF231DD8B00061A132 /* Planets.swift */ = {isa = PBXFileReference; lastKnownFileType = sourcecode.swift; path = Planets.swift; sourceTree = "<group>"; };
		1AEF2CE1231DD8EA0061A132 /* Species.swift */ = {isa = PBXFileReference; lastKnownFileType = sourcecode.swift; path = Species.swift; sourceTree = "<group>"; };
/* End PBXFileReference section */

/* Begin PBXFrameworksBuildPhase section */
		1AA14F98231C90CA00B3854F /* Frameworks */ = {
			isa = PBXFrameworksBuildPhase;
			buildActionMask = 2147483647;
			files = (
				1A184B73231DC1D100B0033B /* Alamofire.framework in Frameworks */,
				1A184B4F231DAB9000B0033B /* ReactiveSwift.framework in Frameworks */,
				1A184B49231DAB9000B0033B /* RxSwift.framework in Frameworks */,
				1A184B47231DAB9000B0033B /* RxCocoa.framework in Frameworks */,
				1A184B41231DAB9000B0033B /* RxRelay.framework in Frameworks */,
				1A184B4D231DAB9000B0033B /* Spin.framework in Frameworks */,
				1A184B43231DAB9000B0033B /* Spin_Combine.framework in Frameworks */,
				1A184B4B231DAB9000B0033B /* Spin_ReactiveSwift.framework in Frameworks */,
				1A184B45231DAB9000B0033B /* Spin_RxSwift.framework in Frameworks */,
			);
			runOnlyForDeploymentPostprocessing = 0;
		};
/* End PBXFrameworksBuildPhase section */

/* Begin PBXGroup section */
		1A184B38231DAB9000B0033B /* Frameworks */ = {
			isa = PBXGroup;
			children = (
				1A184B72231DC1D100B0033B /* Alamofire.framework */,
				1A184B40231DAB9000B0033B /* ReactiveSwift.framework */,
				1A184B3C231DAB9000B0033B /* RxCocoa.framework */,
				1A184B39231DAB9000B0033B /* RxRelay.framework */,
				1A184B3D231DAB9000B0033B /* RxSwift.framework */,
				1A184B3A231DAB9000B0033B /* Spin_Combine.framework */,
				1A184B3E231DAB9000B0033B /* Spin_ReactiveSwift.framework */,
				1A184B3B231DAB9000B0033B /* Spin_RxSwift.framework */,
				1A184B3F231DAB9000B0033B /* Spin.framework */,
			);
			name = Frameworks;
			sourceTree = "<group>";
		};
		1A184B52231DAC1900B0033B /* Models */ = {
			isa = PBXGroup;
			children = (
				1A184B80231DC89B00B0033B /* Domain */,
				1A184B81231DC8A600B0033B /* Request */,
			);
			path = Models;
			sourceTree = "<group>";
		};
		1A184B5F231DBD2800B0033B /* Services */ = {
			isa = PBXGroup;
			children = (
				1A184B60231DBE7C00B0033B /* Network */,
			);
			path = Services;
			sourceTree = "<group>";
		};
		1A184B60231DBE7C00B0033B /* Network */ = {
			isa = PBXGroup;
			children = (
				1A184B61231DBE9400B0033B /* NetworkService.swift */,
				1A184B6F231DC0F700B0033B /* AlamofireNetworkService */,
				1A184B63231DBEC300B0033B /* Routing */,
			);
			path = Network;
			sourceTree = "<group>";
		};
		1A184B63231DBEC300B0033B /* Routing */ = {
			isa = PBXGroup;
			children = (
				1A184B67231DBED800B0033B /* Endpoint.swift */,
				1A184B65231DBED700B0033B /* Path.swift */,
				1A184B64231DBED700B0033B /* Policy.swift */,
				1A184B66231DBED700B0033B /* Route.swift */,
			);
			path = Routing;
			sourceTree = "<group>";
		};
		1A184B6F231DC0F700B0033B /* AlamofireNetworkService */ = {
			isa = PBXGroup;
			children = (
				1A184B70231DC10900B0033B /* AlamofireNetworkService.swift */,
				1A184B77231DC2B700B0033B /* Encodable+Dictionary.swift */,
				1A184B75231DC2A200B0033B /* Route+URLRequestConvertible.swift */,
			);
			path = AlamofireNetworkService;
			sourceTree = "<group>";
		};
		1A184B79231DC39A00B0033B /* Routes */ = {
			isa = PBXGroup;
			children = (
				1A184B7C231DC3AE00B0033B /* AppEndpoints.swift */,
				1A184B7A231DC3AE00B0033B /* AppPaths.swift */,
				1A184B7B231DC3AE00B0033B /* AppPolicies.swift */,
			);
			path = Routes;
			sourceTree = "<group>";
		};
		1A184B80231DC89B00B0033B /* Domain */ = {
			isa = PBXGroup;
			children = (
				1A184B55231DB75000B0033B /* Film.swift */,
				1A184B53231DADDC00B0033B /* People.swift */,
				1A184B5D231DBBBE00B0033B /* Planet.swift */,
				1A184B5B231DBAE900B0033B /* Specie.swift */,
				1A184B57231DB85700B0033B /* Starship.swift */,
				1A184B59231DB9B200B0033B /* Vehicle.swift */,
			);
			path = Domain;
			sourceTree = "<group>";
		};
		1A184B81231DC8A600B0033B /* Request */ = {
			isa = PBXGroup;
			children = (
				1A184B82231DCBD200B0033B /* ListResponse.swift */,
			);
			path = Request;
			sourceTree = "<group>";
		};
		1A184B84231DD25600B0033B /* Business */ = {
			isa = PBXGroup;
			children = (
				1AEF2CD9231DD78A0061A132 /* Films.swift */,
				1A184B85231DD27E00B0033B /* Peoples.swift */,
				1AEF2CDF231DD8B00061A132 /* Planets.swift */,
				1AEF2CE1231DD8EA0061A132 /* Species.swift */,
				1AEF2CDB231DD7E10061A132 /* Starships.swift */,
				1AEF2CDD231DD8680061A132 /* Vehicles.swift */,
			);
			path = Business;
			sourceTree = "<group>";
		};
		1AA14F92231C90CA00B3854F = {
			isa = PBXGroup;
			children = (
				1AA14F9D231C90CA00B3854F /* Spin.iOS.Sample */,
				1AA14F9C231C90CA00B3854F /* Products */,
				1A184B38231DAB9000B0033B /* Frameworks */,
			);
			sourceTree = "<group>";
		};
		1AA14F9C231C90CA00B3854F /* Products */ = {
			isa = PBXGroup;
			children = (
				1AA14F9B231C90CA00B3854F /* Spin.iOS.Sample.app */,
			);
			name = Products;
			sourceTree = "<group>";
		};
		1AA14F9D231C90CA00B3854F /* Spin.iOS.Sample */ = {
			isa = PBXGroup;
			children = (
				1A184B84231DD25600B0033B /* Business */,
				1A184B52231DAC1900B0033B /* Models */,
				1A184B79231DC39A00B0033B /* Routes */,
				1A184B5F231DBD2800B0033B /* Services */,
				1AA14F9E231C90CA00B3854F /* AppDelegate.swift */,
				1AA14FA0231C90CA00B3854F /* SceneDelegate.swift */,
				1AA14FA2231C90CA00B3854F /* ViewController.swift */,
				1AA14FA4231C90CA00B3854F /* Main.storyboard */,
				1AA14FA7231C90CB00B3854F /* Assets.xcassets */,
				1AA14FA9231C90CC00B3854F /* LaunchScreen.storyboard */,
				1AA14FAC231C90CC00B3854F /* Info.plist */,
			);
			path = Spin.iOS.Sample;
			sourceTree = "<group>";
		};
/* End PBXGroup section */

/* Begin PBXNativeTarget section */
		1AA14F9A231C90CA00B3854F /* Spin.iOS.Sample */ = {
			isa = PBXNativeTarget;
			buildConfigurationList = 1AA14FAF231C90CC00B3854F /* Build configuration list for PBXNativeTarget "Spin.iOS.Sample" */;
			buildPhases = (
				1AA14F97231C90CA00B3854F /* Sources */,
				1AA14F98231C90CA00B3854F /* Frameworks */,
				1AA14F99231C90CA00B3854F /* Resources */,
				1A184B51231DAB9100B0033B /* Embed Frameworks */,
			);
			buildRules = (
			);
			dependencies = (
			);
			name = Spin.iOS.Sample;
			productName = Spin.iOS.Sample;
			productReference = 1AA14F9B231C90CA00B3854F /* Spin.iOS.Sample.app */;
			productType = "com.apple.product-type.application";
		};
/* End PBXNativeTarget section */

/* Begin PBXProject section */
		1AA14F93231C90CA00B3854F /* Project object */ = {
			isa = PBXProject;
			attributes = {
				LastSwiftUpdateCheck = 1100;
				LastUpgradeCheck = 1100;
				ORGANIZATIONNAME = Spinners;
				TargetAttributes = {
					1AA14F9A231C90CA00B3854F = {
						CreatedOnToolsVersion = 11.0;
					};
				};
			};
			buildConfigurationList = 1AA14F96231C90CA00B3854F /* Build configuration list for PBXProject "Spin.iOS.Sample" */;
			compatibilityVersion = "Xcode 9.3";
			developmentRegion = en;
			hasScannedForEncodings = 0;
			knownRegions = (
				en,
				Base,
			);
			mainGroup = 1AA14F92231C90CA00B3854F;
			productRefGroup = 1AA14F9C231C90CA00B3854F /* Products */;
			projectDirPath = "";
			projectRoot = "";
			targets = (
				1AA14F9A231C90CA00B3854F /* Spin.iOS.Sample */,
			);
		};
/* End PBXProject section */

/* Begin PBXResourcesBuildPhase section */
		1AA14F99231C90CA00B3854F /* Resources */ = {
			isa = PBXResourcesBuildPhase;
			buildActionMask = 2147483647;
			files = (
				1AA14FAB231C90CC00B3854F /* LaunchScreen.storyboard in Resources */,
				1AA14FA8231C90CB00B3854F /* Assets.xcassets in Resources */,
				1AA14FA6231C90CA00B3854F /* Main.storyboard in Resources */,
			);
			runOnlyForDeploymentPostprocessing = 0;
		};
/* End PBXResourcesBuildPhase section */

/* Begin PBXSourcesBuildPhase section */
		1AA14F97231C90CA00B3854F /* Sources */ = {
			isa = PBXSourcesBuildPhase;
			buildActionMask = 2147483647;
			files = (
				1A184B71231DC10900B0033B /* AlamofireNetworkService.swift in Sources */,
				1AEF2CE0231DD8B00061A132 /* Planets.swift in Sources */,
				1A184B6B231DBED800B0033B /* Endpoint.swift in Sources */,
				1A184B62231DBE9400B0033B /* NetworkService.swift in Sources */,
				1A184B7E231DC3AE00B0033B /* AppPolicies.swift in Sources */,
				1A184B5C231DBAE900B0033B /* Specie.swift in Sources */,
				1A184B56231DB75000B0033B /* Film.swift in Sources */,
				1A184B54231DADDC00B0033B /* People.swift in Sources */,
				1AEF2CDA231DD78A0061A132 /* Films.swift in Sources */,
				1A184B7D231DC3AE00B0033B /* AppPaths.swift in Sources */,
				1A184B6A231DBED800B0033B /* Route.swift in Sources */,
				1A184B83231DCBD200B0033B /* ListResponse.swift in Sources */,
				1AEF2CDC231DD7E10061A132 /* Starships.swift in Sources */,
				1A184B5E231DBBBE00B0033B /* Planet.swift in Sources */,
				1AA14FA3231C90CA00B3854F /* ViewController.swift in Sources */,
				1A184B58231DB85700B0033B /* Starship.swift in Sources */,
				1AEF2CE2231DD8EA0061A132 /* Species.swift in Sources */,
				1A184B68231DBED800B0033B /* Policy.swift in Sources */,
				1AA14F9F231C90CA00B3854F /* AppDelegate.swift in Sources */,
				1A184B7F231DC3AE00B0033B /* AppEndpoints.swift in Sources */,
				1A184B78231DC2B700B0033B /* Encodable+Dictionary.swift in Sources */,
				1A184B5A231DB9B200B0033B /* Vehicle.swift in Sources */,
				1A184B86231DD27E00B0033B /* Peoples.swift in Sources */,
				1A184B76231DC2A200B0033B /* Route+URLRequestConvertible.swift in Sources */,
				1A184B69231DBED800B0033B /* Path.swift in Sources */,
				1AEF2CDE231DD8680061A132 /* Vehicles.swift in Sources */,
				1AA14FA1231C90CA00B3854F /* SceneDelegate.swift in Sources */,
			);
			runOnlyForDeploymentPostprocessing = 0;
		};
/* End PBXSourcesBuildPhase section */

/* Begin PBXVariantGroup section */
		1AA14FA4231C90CA00B3854F /* Main.storyboard */ = {
			isa = PBXVariantGroup;
			children = (
				1AA14FA5231C90CA00B3854F /* Base */,
			);
			name = Main.storyboard;
			sourceTree = "<group>";
		};
		1AA14FA9231C90CC00B3854F /* LaunchScreen.storyboard */ = {
			isa = PBXVariantGroup;
			children = (
				1AA14FAA231C90CC00B3854F /* Base */,
			);
			name = LaunchScreen.storyboard;
			sourceTree = "<group>";
		};
/* End PBXVariantGroup section */

/* Begin XCBuildConfiguration section */
		1AA14FAD231C90CC00B3854F /* Debug */ = {
			isa = XCBuildConfiguration;
			buildSettings = {
				ALWAYS_SEARCH_USER_PATHS = NO;
				CLANG_ANALYZER_NONNULL = YES;
				CLANG_ANALYZER_NUMBER_OBJECT_CONVERSION = YES_AGGRESSIVE;
				CLANG_CXX_LANGUAGE_STANDARD = "gnu++14";
				CLANG_CXX_LIBRARY = "libc++";
				CLANG_ENABLE_MODULES = YES;
				CLANG_ENABLE_OBJC_ARC = YES;
				CLANG_ENABLE_OBJC_WEAK = YES;
				CLANG_WARN_BLOCK_CAPTURE_AUTORELEASING = YES;
				CLANG_WARN_BOOL_CONVERSION = YES;
				CLANG_WARN_COMMA = YES;
				CLANG_WARN_CONSTANT_CONVERSION = YES;
				CLANG_WARN_DEPRECATED_OBJC_IMPLEMENTATIONS = YES;
				CLANG_WARN_DIRECT_OBJC_ISA_USAGE = YES_ERROR;
				CLANG_WARN_DOCUMENTATION_COMMENTS = YES;
				CLANG_WARN_EMPTY_BODY = YES;
				CLANG_WARN_ENUM_CONVERSION = YES;
				CLANG_WARN_INFINITE_RECURSION = YES;
				CLANG_WARN_INT_CONVERSION = YES;
				CLANG_WARN_NON_LITERAL_NULL_CONVERSION = YES;
				CLANG_WARN_OBJC_IMPLICIT_RETAIN_SELF = YES;
				CLANG_WARN_OBJC_LITERAL_CONVERSION = YES;
				CLANG_WARN_OBJC_ROOT_CLASS = YES_ERROR;
				CLANG_WARN_RANGE_LOOP_ANALYSIS = YES;
				CLANG_WARN_STRICT_PROTOTYPES = YES;
				CLANG_WARN_SUSPICIOUS_MOVE = YES;
				CLANG_WARN_UNGUARDED_AVAILABILITY = YES_AGGRESSIVE;
				CLANG_WARN_UNREACHABLE_CODE = YES;
				CLANG_WARN__DUPLICATE_METHOD_MATCH = YES;
				COPY_PHASE_STRIP = NO;
				DEBUG_INFORMATION_FORMAT = dwarf;
				ENABLE_STRICT_OBJC_MSGSEND = YES;
				ENABLE_TESTABILITY = YES;
				GCC_C_LANGUAGE_STANDARD = gnu11;
				GCC_DYNAMIC_NO_PIC = NO;
				GCC_NO_COMMON_BLOCKS = YES;
				GCC_OPTIMIZATION_LEVEL = 0;
				GCC_PREPROCESSOR_DEFINITIONS = (
					"DEBUG=1",
					"$(inherited)",
				);
				GCC_WARN_64_TO_32_BIT_CONVERSION = YES;
				GCC_WARN_ABOUT_RETURN_TYPE = YES_ERROR;
				GCC_WARN_UNDECLARED_SELECTOR = YES;
				GCC_WARN_UNINITIALIZED_AUTOS = YES_AGGRESSIVE;
				GCC_WARN_UNUSED_FUNCTION = YES;
				GCC_WARN_UNUSED_VARIABLE = YES;
				IPHONEOS_DEPLOYMENT_TARGET = 13.0;
				MTL_ENABLE_DEBUG_INFO = INCLUDE_SOURCE;
				MTL_FAST_MATH = YES;
				ONLY_ACTIVE_ARCH = YES;
				SDKROOT = iphoneos;
				SWIFT_ACTIVE_COMPILATION_CONDITIONS = DEBUG;
				SWIFT_OPTIMIZATION_LEVEL = "-Onone";
				SWIFT_VERSION = 5.0;
			};
			name = Debug;
		};
		1AA14FAE231C90CC00B3854F /* Release */ = {
			isa = XCBuildConfiguration;
			buildSettings = {
				ALWAYS_SEARCH_USER_PATHS = NO;
				CLANG_ANALYZER_NONNULL = YES;
				CLANG_ANALYZER_NUMBER_OBJECT_CONVERSION = YES_AGGRESSIVE;
				CLANG_CXX_LANGUAGE_STANDARD = "gnu++14";
				CLANG_CXX_LIBRARY = "libc++";
				CLANG_ENABLE_MODULES = YES;
				CLANG_ENABLE_OBJC_ARC = YES;
				CLANG_ENABLE_OBJC_WEAK = YES;
				CLANG_WARN_BLOCK_CAPTURE_AUTORELEASING = YES;
				CLANG_WARN_BOOL_CONVERSION = YES;
				CLANG_WARN_COMMA = YES;
				CLANG_WARN_CONSTANT_CONVERSION = YES;
				CLANG_WARN_DEPRECATED_OBJC_IMPLEMENTATIONS = YES;
				CLANG_WARN_DIRECT_OBJC_ISA_USAGE = YES_ERROR;
				CLANG_WARN_DOCUMENTATION_COMMENTS = YES;
				CLANG_WARN_EMPTY_BODY = YES;
				CLANG_WARN_ENUM_CONVERSION = YES;
				CLANG_WARN_INFINITE_RECURSION = YES;
				CLANG_WARN_INT_CONVERSION = YES;
				CLANG_WARN_NON_LITERAL_NULL_CONVERSION = YES;
				CLANG_WARN_OBJC_IMPLICIT_RETAIN_SELF = YES;
				CLANG_WARN_OBJC_LITERAL_CONVERSION = YES;
				CLANG_WARN_OBJC_ROOT_CLASS = YES_ERROR;
				CLANG_WARN_RANGE_LOOP_ANALYSIS = YES;
				CLANG_WARN_STRICT_PROTOTYPES = YES;
				CLANG_WARN_SUSPICIOUS_MOVE = YES;
				CLANG_WARN_UNGUARDED_AVAILABILITY = YES_AGGRESSIVE;
				CLANG_WARN_UNREACHABLE_CODE = YES;
				CLANG_WARN__DUPLICATE_METHOD_MATCH = YES;
				COPY_PHASE_STRIP = NO;
				DEBUG_INFORMATION_FORMAT = "dwarf-with-dsym";
				ENABLE_NS_ASSERTIONS = NO;
				ENABLE_STRICT_OBJC_MSGSEND = YES;
				GCC_C_LANGUAGE_STANDARD = gnu11;
				GCC_NO_COMMON_BLOCKS = YES;
				GCC_WARN_64_TO_32_BIT_CONVERSION = YES;
				GCC_WARN_ABOUT_RETURN_TYPE = YES_ERROR;
				GCC_WARN_UNDECLARED_SELECTOR = YES;
				GCC_WARN_UNINITIALIZED_AUTOS = YES_AGGRESSIVE;
				GCC_WARN_UNUSED_FUNCTION = YES;
				GCC_WARN_UNUSED_VARIABLE = YES;
				IPHONEOS_DEPLOYMENT_TARGET = 13.0;
				MTL_ENABLE_DEBUG_INFO = NO;
				MTL_FAST_MATH = YES;
				SDKROOT = iphoneos;
				SWIFT_COMPILATION_MODE = wholemodule;
				SWIFT_OPTIMIZATION_LEVEL = "-O";
				SWIFT_VERSION = 5.0;
				VALIDATE_PRODUCT = YES;
			};
			name = Release;
		};
		1AA14FB0231C90CC00B3854F /* Debug */ = {
			isa = XCBuildConfiguration;
			buildSettings = {
				ASSETCATALOG_COMPILER_APPICON_NAME = AppIcon;
				CODE_SIGN_STYLE = Automatic;
				FRAMEWORK_SEARCH_PATHS = (
					"$(inherited)",
					"$(PROJECT_DIR)/Carthage/Build/iOS",
				);
				INFOPLIST_FILE = Spin.iOS.Sample/Info.plist;
				LD_RUNPATH_SEARCH_PATHS = (
					"$(inherited)",
					"@executable_path/Frameworks",
				);
				PRODUCT_BUNDLE_IDENTIFIER = spinners.Spin.iOS.Sample;
				PRODUCT_NAME = "$(TARGET_NAME)";
				SWIFT_VERSION = 5.0;
				TARGETED_DEVICE_FAMILY = "1,2";
			};
			name = Debug;
		};
		1AA14FB1231C90CC00B3854F /* Release */ = {
			isa = XCBuildConfiguration;
			buildSettings = {
				ASSETCATALOG_COMPILER_APPICON_NAME = AppIcon;
				CODE_SIGN_STYLE = Automatic;
				FRAMEWORK_SEARCH_PATHS = (
					"$(inherited)",
					"$(PROJECT_DIR)/Carthage/Build/iOS",
				);
				INFOPLIST_FILE = Spin.iOS.Sample/Info.plist;
				LD_RUNPATH_SEARCH_PATHS = (
					"$(inherited)",
					"@executable_path/Frameworks",
				);
				PRODUCT_BUNDLE_IDENTIFIER = spinners.Spin.iOS.Sample;
				PRODUCT_NAME = "$(TARGET_NAME)";
				SWIFT_VERSION = 5.0;
				TARGETED_DEVICE_FAMILY = "1,2";
			};
			name = Release;
		};
/* End XCBuildConfiguration section */

/* Begin XCConfigurationList section */
		1AA14F96231C90CA00B3854F /* Build configuration list for PBXProject "Spin.iOS.Sample" */ = {
			isa = XCConfigurationList;
			buildConfigurations = (
				1AA14FAD231C90CC00B3854F /* Debug */,
				1AA14FAE231C90CC00B3854F /* Release */,
			);
			defaultConfigurationIsVisible = 0;
			defaultConfigurationName = Release;
		};
		1AA14FAF231C90CC00B3854F /* Build configuration list for PBXNativeTarget "Spin.iOS.Sample" */ = {
			isa = XCConfigurationList;
			buildConfigurations = (
				1AA14FB0231C90CC00B3854F /* Debug */,
				1AA14FB1231C90CC00B3854F /* Release */,
			);
			defaultConfigurationIsVisible = 0;
			defaultConfigurationName = Release;
		};
/* End XCConfigurationList section */
	};
	rootObject = 1AA14F93231C90CA00B3854F /* Project object */;
}
